
Microsoft Visual Studio Solution File, Format Version 12.00
# Visual Studio Version 17
VisualStudioVersion = 17.0.31903.59
MinimumVisualStudioVersion = 10.0.40219.1
Project("{2150E333-8FDC-42A3-9474-1A3956D46DE8}") = "src", "src", "{827E0CD3-B72D-47B6-A68D-7590B98EB39B}"
EndProject
Project("{2150E333-8FDC-42A3-9474-1A3956D46DE8}") = "BuildingBlocks", "BuildingBlocks", "{90298CBA-BD6F-3A0A-69D5-97CAD7B05E7E}"
EndProject
Project("{FAE04EC0-301F-11D3-BF4B-00C04F79EFBC}") = "Common.Domain", "src\BuildingBlocks\Common.Domain\Common.Domain.csproj", "{6EFD88AB-FA44-4102-AF9A-07464F6551EA}"
EndProject
Project("{FAE04EC0-301F-11D3-BF4B-00C04F79EFBC}") = "Common.Application", "src\BuildingBlocks\Common.Application\Common.Application.csproj", "{1A94FD0D-5625-47B3-BD45-C146EE9FB052}"
EndProject
Project("{FAE04EC0-301F-11D3-BF4B-00C04F79EFBC}") = "Common.Infrastructure", "src\BuildingBlocks\Common.Infrastructure\Common.Infrastructure.csproj", "{C3A7A137-7FB3-43FB-8B7D-126A1A12EB4F}"
EndProject
Project("{FAE04EC0-301F-11D3-BF4B-00C04F79EFBC}") = "EventBus", "src\BuildingBlocks\EventBus\EventBus.csproj", "{68394D80-197E-4E16-9A78-F8FA4DD01D7B}"
EndProject
Project("{2150E333-8FDC-42A3-9474-1A3956D46DE8}") = "Services", "Services", "{984BB9B3-3FA3-BE33-9484-CAC21695A33C}"
EndProject
Project("{2150E333-8FDC-42A3-9474-1A3956D46DE8}") = "Employee", "Employee", "{D5A104A7-EB2B-3BA5-9C9D-7EDB62AEF6C2}"
EndProject
Project("{FAE04EC0-301F-11D3-BF4B-00C04F79EFBC}") = "Employee.API", "src\Services\Employee\Employee.API\Employee.API.csproj", "{B7E71563-6FAC-4E87-9407-DEC0CFA151D7}"
EndProject
Project("{FAE04EC0-301F-11D3-BF4B-00C04F79EFBC}") = "Employee.Application", "src\Services\Employee\Employee.Application\Employee.Application.csproj", "{34C249EB-D663-47CA-A2D0-C962F2A9A3E8}"
EndProject
Project("{FAE04EC0-301F-11D3-BF4B-00C04F79EFBC}") = "Employee.Domain", "src\Services\Employee\Employee.Domain\Employee.Domain.csproj", "{B50C4336-B39A-4938-981C-05A0F402C39D}"
EndProject
Project("{FAE04EC0-301F-11D3-BF4B-00C04F79EFBC}") = "Employee.Infrastructure", "src\Services\Employee\Employee.Infrastructure\Employee.Infrastructure.csproj", "{3909383E-44D9-4A95-9109-5708AB130ADB}"
EndProject
Project("{2150E333-8FDC-42A3-9474-1A3956D46DE8}") = "Report", "Report", "{EA21366C-CA10-58A8-F467-82E475E18730}"
EndProject
Project("{FAE04EC0-301F-11D3-BF4B-00C04F79EFBC}") = "Report.API", "src\Services\Report\Report.API\Report.API.csproj", "{0A5632E3-8C24-4DC8-A37A-ACB21E960641}"
EndProject
Project("{FAE04EC0-301F-11D3-BF4B-00C04F79EFBC}") = "Report.Application", "src\Services\Report\Report.Application\Report.Application.csproj", "{1B6BEFD2-A438-4700-8B04-3FBA8B2A5F93}"
EndProject
Project("{FAE04EC0-301F-11D3-BF4B-00C04F79EFBC}") = "Report.Domain", "src\Services\Report\Report.Domain\Report.Domain.csproj", "{6C435D04-B2B1-4067-A4C9-FB823E3B3645}"
EndProject
Project("{FAE04EC0-301F-11D3-BF4B-00C04F79EFBC}") = "Report.Infrastructure", "src\Services\Report\Report.Infrastructure\Report.Infrastructure.csproj", "{89670175-8B38-436E-B4B3-0A715EDFC6B6}"
EndProject
Project("{2150E333-8FDC-42A3-9474-1A3956D46DE8}") = "Notification", "Notification", "{C5FBE174-8E0F-F5A3-B929-8BD0C55C0A32}"
EndProject
Project("{FAE04EC0-301F-11D3-BF4B-00C04F79EFBC}") = "Notification.API", "src\Services\Notification\Notification.API\Notification.API.csproj", "{4B3183A9-6756-4FC6-9823-39A981A6463F}"
EndProject
Project("{FAE04EC0-301F-11D3-BF4B-00C04F79EFBC}") = "Notification.Application", "src\Services\Notification\Notification.Application\Notification.Application.csproj", "{7C2DD239-5D09-461A-9D4F-16DA48B1BA0D}"
EndProject
Project("{FAE04EC0-301F-11D3-BF4B-00C04F79EFBC}") = "Notification.Domain", "src\Services\Notification\Notification.Domain\Notification.Domain.csproj", "{C0A892E1-C662-4253-95CF-7D96E28E1906}"
EndProject
Project("{FAE04EC0-301F-11D3-BF4B-00C04F79EFBC}") = "Notification.Infrastructure", "src\Services\Notification\Notification.Infrastructure\Notification.Infrastructure.csproj", "{43928B77-E6CB-4973-964A-D569D85BB04C}"
EndProject
Project("{2150E333-8FDC-42A3-9474-1A3956D46DE8}") = "Identity", "Identity", "{1BFC9479-12BF-35C3-06B8-42D89D95092B}"
EndProject
Project("{FAE04EC0-301F-11D3-BF4B-00C04F79EFBC}") = "Identity.API", "src\Services\Identity\Identity.API\Identity.API.csproj", "{4B2A065D-6C56-4EC2-B87E-E30D917FE4A4}"
EndProject
Project("{FAE04EC0-301F-11D3-BF4B-00C04F79EFBC}") = "Identity.Application", "src\Services\Identity\Identity.Application\Identity.Application.csproj", "{9317ADCF-0EEF-478C-AFB3-E1D5F846C8D2}"
EndProject
Project("{FAE04EC0-301F-11D3-BF4B-00C04F79EFBC}") = "Identity.Domain", "src\Services\Identity\Identity.Domain\Identity.Domain.csproj", "{EDC6DB80-EA46-4074-8294-4C5874A98FAD}"
EndProject
Project("{FAE04EC0-301F-11D3-BF4B-00C04F79EFBC}") = "Identity.Infrastructure", "src\Services\Identity\Identity.Infrastructure\Identity.Infrastructure.csproj", "{F7E52E4E-4827-4317-B60B-21ABEC179D23}"
EndProject
Project("{FAE04EC0-301F-11D3-BF4B-00C04F79EFBC}") = "ApiGateway", "src\ApiGateway\ApiGateway.csproj", "{D49AB65F-6205-4015-9ADC-A3812D291F5B}"
EndProject
Project("{2150E333-8FDC-42A3-9474-1A3956D46DE8}") = "tests", "tests", "{0AB3BF05-4346-4AA6-1389-037BE0695223}"
EndProject
Project("{FAE04EC0-301F-11D3-BF4B-00C04F79EFBC}") = "Employee.UnitTests", "tests\Employee.UnitTests\Employee.UnitTests.csproj", "{D62BFA21-52EE-482D-AE1B-9F5D5F849830}"
EndProject
Project("{FAE04EC0-301F-11D3-BF4B-00C04F79EFBC}") = "Identity.UnitTests", "tests\Identity.UnitTests\Identity.UnitTests.csproj", "{EC5AC504-E35A-4BA5-BC4B-B0089C56BC72}"
EndProject
Project("{FAE04EC0-301F-11D3-BF4B-00C04F79EFBC}") = "IntegrationTests", "tests\IntegrationTests\IntegrationTests.csproj", "{7E450C5F-8613-4A7E-A17F-800D3B6B5C8F}"
EndProject
Project("{FAE04EC0-301F-11D3-BF4B-00C04F79EFBC}") = "Notification.UnitTests", "tests\Notification.UnitTests\Notification.UnitTests.csproj", "{A5EB9493-2AE8-48A3-AAE0-C6AB23F0A578}"
EndProject
Project("{FAE04EC0-301F-11D3-BF4B-00C04F79EFBC}") = "Report.UnitTests", "tests\Report.UnitTests\Report.UnitTests.csproj", "{65B48809-E013-4805-935E-A78FCB15A54D}"
EndProject
Global
	GlobalSection(SolutionConfigurationPlatforms) = preSolution
		Debug|Any CPU = Debug|Any CPU
		Debug|x64 = Debug|x64
		Debug|x86 = Debug|x86
		Release|Any CPU = Release|Any CPU
		Release|x64 = Release|x64
		Release|x86 = Release|x86
	EndGlobalSection
	GlobalSection(ProjectConfigurationPlatforms) = postSolution
		{6EFD88AB-FA44-4102-AF9A-07464F6551EA}.Debug|Any CPU.ActiveCfg = Debug|Any CPU
		{6EFD88AB-FA44-4102-AF9A-07464F6551EA}.Debug|Any CPU.Build.0 = Debug|Any CPU
		{6EFD88AB-FA44-4102-AF9A-07464F6551EA}.Debug|x64.ActiveCfg = Debug|Any CPU
		{6EFD88AB-FA44-4102-AF9A-07464F6551EA}.Debug|x64.Build.0 = Debug|Any CPU
		{6EFD88AB-FA44-4102-AF9A-07464F6551EA}.Debug|x86.ActiveCfg = Debug|Any CPU
		{6EFD88AB-FA44-4102-AF9A-07464F6551EA}.Debug|x86.Build.0 = Debug|Any CPU
		{6EFD88AB-FA44-4102-AF9A-07464F6551EA}.Release|Any CPU.ActiveCfg = Release|Any CPU
		{6EFD88AB-FA44-4102-AF9A-07464F6551EA}.Release|Any CPU.Build.0 = Release|Any CPU
		{6EFD88AB-FA44-4102-AF9A-07464F6551EA}.Release|x64.ActiveCfg = Release|Any CPU
		{6EFD88AB-FA44-4102-AF9A-07464F6551EA}.Release|x64.Build.0 = Release|Any CPU
		{6EFD88AB-FA44-4102-AF9A-07464F6551EA}.Release|x86.ActiveCfg = Release|Any CPU
		{6EFD88AB-FA44-4102-AF9A-07464F6551EA}.Release|x86.Build.0 = Release|Any CPU
		{1A94FD0D-5625-47B3-BD45-C146EE9FB052}.Debug|Any CPU.ActiveCfg = Debug|Any CPU
		{1A94FD0D-5625-47B3-BD45-C146EE9FB052}.Debug|Any CPU.Build.0 = Debug|Any CPU
		{1A94FD0D-5625-47B3-BD45-C146EE9FB052}.Debug|x64.ActiveCfg = Debug|Any CPU
		{1A94FD0D-5625-47B3-BD45-C146EE9FB052}.Debug|x64.Build.0 = Debug|Any CPU
		{1A94FD0D-5625-47B3-BD45-C146EE9FB052}.Debug|x86.ActiveCfg = Debug|Any CPU
		{1A94FD0D-5625-47B3-BD45-C146EE9FB052}.Debug|x86.Build.0 = Debug|Any CPU
		{1A94FD0D-5625-47B3-BD45-C146EE9FB052}.Release|Any CPU.ActiveCfg = Release|Any CPU
		{1A94FD0D-5625-47B3-BD45-C146EE9FB052}.Release|Any CPU.Build.0 = Release|Any CPU
		{1A94FD0D-5625-47B3-BD45-C146EE9FB052}.Release|x64.ActiveCfg = Release|Any CPU
		{1A94FD0D-5625-47B3-BD45-C146EE9FB052}.Release|x64.Build.0 = Release|Any CPU
		{1A94FD0D-5625-47B3-BD45-C146EE9FB052}.Release|x86.ActiveCfg = Release|Any CPU
		{1A94FD0D-5625-47B3-BD45-C146EE9FB052}.Release|x86.Build.0 = Release|Any CPU
		{C3A7A137-7FB3-43FB-8B7D-126A1A12EB4F}.Debug|Any CPU.ActiveCfg = Debug|Any CPU
		{C3A7A137-7FB3-43FB-8B7D-126A1A12EB4F}.Debug|Any CPU.Build.0 = Debug|Any CPU
		{C3A7A137-7FB3-43FB-8B7D-126A1A12EB4F}.Debug|x64.ActiveCfg = Debug|Any CPU
		{C3A7A137-7FB3-43FB-8B7D-126A1A12EB4F}.Debug|x64.Build.0 = Debug|Any CPU
		{C3A7A137-7FB3-43FB-8B7D-126A1A12EB4F}.Debug|x86.ActiveCfg = Debug|Any CPU
		{C3A7A137-7FB3-43FB-8B7D-126A1A12EB4F}.Debug|x86.Build.0 = Debug|Any CPU
		{C3A7A137-7FB3-43FB-8B7D-126A1A12EB4F}.Release|Any CPU.ActiveCfg = Release|Any CPU
		{C3A7A137-7FB3-43FB-8B7D-126A1A12EB4F}.Release|Any CPU.Build.0 = Release|Any CPU
		{C3A7A137-7FB3-43FB-8B7D-126A1A12EB4F}.Release|x64.ActiveCfg = Release|Any CPU
		{C3A7A137-7FB3-43FB-8B7D-126A1A12EB4F}.Release|x64.Build.0 = Release|Any CPU
		{C3A7A137-7FB3-43FB-8B7D-126A1A12EB4F}.Release|x86.ActiveCfg = Release|Any CPU
		{C3A7A137-7FB3-43FB-8B7D-126A1A12EB4F}.Release|x86.Build.0 = Release|Any CPU
		{68394D80-197E-4E16-9A78-F8FA4DD01D7B}.Debug|Any CPU.ActiveCfg = Debug|Any CPU
		{68394D80-197E-4E16-9A78-F8FA4DD01D7B}.Debug|Any CPU.Build.0 = Debug|Any CPU
		{68394D80-197E-4E16-9A78-F8FA4DD01D7B}.Debug|x64.ActiveCfg = Debug|Any CPU
		{68394D80-197E-4E16-9A78-F8FA4DD01D7B}.Debug|x64.Build.0 = Debug|Any CPU
		{68394D80-197E-4E16-9A78-F8FA4DD01D7B}.Debug|x86.ActiveCfg = Debug|Any CPU
		{68394D80-197E-4E16-9A78-F8FA4DD01D7B}.Debug|x86.Build.0 = Debug|Any CPU
		{68394D80-197E-4E16-9A78-F8FA4DD01D7B}.Release|Any CPU.ActiveCfg = Release|Any CPU
		{68394D80-197E-4E16-9A78-F8FA4DD01D7B}.Release|Any CPU.Build.0 = Release|Any CPU
		{68394D80-197E-4E16-9A78-F8FA4DD01D7B}.Release|x64.ActiveCfg = Release|Any CPU
		{68394D80-197E-4E16-9A78-F8FA4DD01D7B}.Release|x64.Build.0 = Release|Any CPU
		{68394D80-197E-4E16-9A78-F8FA4DD01D7B}.Release|x86.ActiveCfg = Release|Any CPU
		{68394D80-197E-4E16-9A78-F8FA4DD01D7B}.Release|x86.Build.0 = Release|Any CPU
		{B7E71563-6FAC-4E87-9407-DEC0CFA151D7}.Debug|Any CPU.ActiveCfg = Debug|Any CPU
		{B7E71563-6FAC-4E87-9407-DEC0CFA151D7}.Debug|Any CPU.Build.0 = Debug|Any CPU
		{B7E71563-6FAC-4E87-9407-DEC0CFA151D7}.Debug|x64.ActiveCfg = Debug|Any CPU
		{B7E71563-6FAC-4E87-9407-DEC0CFA151D7}.Debug|x64.Build.0 = Debug|Any CPU
		{B7E71563-6FAC-4E87-9407-DEC0CFA151D7}.Debug|x86.ActiveCfg = Debug|Any CPU
		{B7E71563-6FAC-4E87-9407-DEC0CFA151D7}.Debug|x86.Build.0 = Debug|Any CPU
		{B7E71563-6FAC-4E87-9407-DEC0CFA151D7}.Release|Any CPU.ActiveCfg = Release|Any CPU
		{B7E71563-6FAC-4E87-9407-DEC0CFA151D7}.Release|Any CPU.Build.0 = Release|Any CPU
		{B7E71563-6FAC-4E87-9407-DEC0CFA151D7}.Release|x64.ActiveCfg = Release|Any CPU
		{B7E71563-6FAC-4E87-9407-DEC0CFA151D7}.Release|x64.Build.0 = Release|Any CPU
		{B7E71563-6FAC-4E87-9407-DEC0CFA151D7}.Release|x86.ActiveCfg = Release|Any CPU
		{B7E71563-6FAC-4E87-9407-DEC0CFA151D7}.Release|x86.Build.0 = Release|Any CPU
		{34C249EB-D663-47CA-A2D0-C962F2A9A3E8}.Debug|Any CPU.ActiveCfg = Debug|Any CPU
		{34C249EB-D663-47CA-A2D0-C962F2A9A3E8}.Debug|Any CPU.Build.0 = Debug|Any CPU
		{34C249EB-D663-47CA-A2D0-C962F2A9A3E8}.Debug|x64.ActiveCfg = Debug|Any CPU
		{34C249EB-D663-47CA-A2D0-C962F2A9A3E8}.Debug|x64.Build.0 = Debug|Any CPU
		{34C249EB-D663-47CA-A2D0-C962F2A9A3E8}.Debug|x86.ActiveCfg = Debug|Any CPU
		{34C249EB-D663-47CA-A2D0-C962F2A9A3E8}.Debug|x86.Build.0 = Debug|Any CPU
		{34C249EB-D663-47CA-A2D0-C962F2A9A3E8}.Release|Any CPU.ActiveCfg = Release|Any CPU
		{34C249EB-D663-47CA-A2D0-C962F2A9A3E8}.Release|Any CPU.Build.0 = Release|Any CPU
		{34C249EB-D663-47CA-A2D0-C962F2A9A3E8}.Release|x64.ActiveCfg = Release|Any CPU
		{34C249EB-D663-47CA-A2D0-C962F2A9A3E8}.Release|x64.Build.0 = Release|Any CPU
		{34C249EB-D663-47CA-A2D0-C962F2A9A3E8}.Release|x86.ActiveCfg = Release|Any CPU
		{34C249EB-D663-47CA-A2D0-C962F2A9A3E8}.Release|x86.Build.0 = Release|Any CPU
		{B50C4336-B39A-4938-981C-05A0F402C39D}.Debug|Any CPU.ActiveCfg = Debug|Any CPU
		{B50C4336-B39A-4938-981C-05A0F402C39D}.Debug|Any CPU.Build.0 = Debug|Any CPU
		{B50C4336-B39A-4938-981C-05A0F402C39D}.Debug|x64.ActiveCfg = Debug|Any CPU
		{B50C4336-B39A-4938-981C-05A0F402C39D}.Debug|x64.Build.0 = Debug|Any CPU
		{B50C4336-B39A-4938-981C-05A0F402C39D}.Debug|x86.ActiveCfg = Debug|Any CPU
		{B50C4336-B39A-4938-981C-05A0F402C39D}.Debug|x86.Build.0 = Debug|Any CPU
		{B50C4336-B39A-4938-981C-05A0F402C39D}.Release|Any CPU.ActiveCfg = Release|Any CPU
		{B50C4336-B39A-4938-981C-05A0F402C39D}.Release|Any CPU.Build.0 = Release|Any CPU
		{B50C4336-B39A-4938-981C-05A0F402C39D}.Release|x64.ActiveCfg = Release|Any CPU
		{B50C4336-B39A-4938-981C-05A0F402C39D}.Release|x64.Build.0 = Release|Any CPU
		{B50C4336-B39A-4938-981C-05A0F402C39D}.Release|x86.ActiveCfg = Release|Any CPU
		{B50C4336-B39A-4938-981C-05A0F402C39D}.Release|x86.Build.0 = Release|Any CPU
		{3909383E-44D9-4A95-9109-5708AB130ADB}.Debug|Any CPU.ActiveCfg = Debug|Any CPU
		{3909383E-44D9-4A95-9109-5708AB130ADB}.Debug|Any CPU.Build.0 = Debug|Any CPU
		{3909383E-44D9-4A95-9109-5708AB130ADB}.Debug|x64.ActiveCfg = Debug|Any CPU
		{3909383E-44D9-4A95-9109-5708AB130ADB}.Debug|x64.Build.0 = Debug|Any CPU
		{3909383E-44D9-4A95-9109-5708AB130ADB}.Debug|x86.ActiveCfg = Debug|Any CPU
		{3909383E-44D9-4A95-9109-5708AB130ADB}.Debug|x86.Build.0 = Debug|Any CPU
		{3909383E-44D9-4A95-9109-5708AB130ADB}.Release|Any CPU.ActiveCfg = Release|Any CPU
		{3909383E-44D9-4A95-9109-5708AB130ADB}.Release|Any CPU.Build.0 = Release|Any CPU
		{3909383E-44D9-4A95-9109-5708AB130ADB}.Release|x64.ActiveCfg = Release|Any CPU
		{3909383E-44D9-4A95-9109-5708AB130ADB}.Release|x64.Build.0 = Release|Any CPU
		{3909383E-44D9-4A95-9109-5708AB130ADB}.Release|x86.ActiveCfg = Release|Any CPU
		{3909383E-44D9-4A95-9109-5708AB130ADB}.Release|x86.Build.0 = Release|Any CPU
		{0A5632E3-8C24-4DC8-A37A-ACB21E960641}.Debug|Any CPU.ActiveCfg = Debug|Any CPU
		{0A5632E3-8C24-4DC8-A37A-ACB21E960641}.Debug|Any CPU.Build.0 = Debug|Any CPU
		{0A5632E3-8C24-4DC8-A37A-ACB21E960641}.Debug|x64.ActiveCfg = Debug|Any CPU
		{0A5632E3-8C24-4DC8-A37A-ACB21E960641}.Debug|x64.Build.0 = Debug|Any CPU
		{0A5632E3-8C24-4DC8-A37A-ACB21E960641}.Debug|x86.ActiveCfg = Debug|Any CPU
		{0A5632E3-8C24-4DC8-A37A-ACB21E960641}.Debug|x86.Build.0 = Debug|Any CPU
		{0A5632E3-8C24-4DC8-A37A-ACB21E960641}.Release|Any CPU.ActiveCfg = Release|Any CPU
		{0A5632E3-8C24-4DC8-A37A-ACB21E960641}.Release|Any CPU.Build.0 = Release|Any CPU
		{0A5632E3-8C24-4DC8-A37A-ACB21E960641}.Release|x64.ActiveCfg = Release|Any CPU
		{0A5632E3-8C24-4DC8-A37A-ACB21E960641}.Release|x64.Build.0 = Release|Any CPU
		{0A5632E3-8C24-4DC8-A37A-ACB21E960641}.Release|x86.ActiveCfg = Release|Any CPU
		{0A5632E3-8C24-4DC8-A37A-ACB21E960641}.Release|x86.Build.0 = Release|Any CPU
		{1B6BEFD2-A438-4700-8B04-3FBA8B2A5F93}.Debug|Any CPU.ActiveCfg = Debug|Any CPU
		{1B6BEFD2-A438-4700-8B04-3FBA8B2A5F93}.Debug|Any CPU.Build.0 = Debug|Any CPU
		{1B6BEFD2-A438-4700-8B04-3FBA8B2A5F93}.Debug|x64.ActiveCfg = Debug|Any CPU
		{1B6BEFD2-A438-4700-8B04-3FBA8B2A5F93}.Debug|x64.Build.0 = Debug|Any CPU
		{1B6BEFD2-A438-4700-8B04-3FBA8B2A5F93}.Debug|x86.ActiveCfg = Debug|Any CPU
		{1B6BEFD2-A438-4700-8B04-3FBA8B2A5F93}.Debug|x86.Build.0 = Debug|Any CPU
		{1B6BEFD2-A438-4700-8B04-3FBA8B2A5F93}.Release|Any CPU.ActiveCfg = Release|Any CPU
		{1B6BEFD2-A438-4700-8B04-3FBA8B2A5F93}.Release|Any CPU.Build.0 = Release|Any CPU
		{1B6BEFD2-A438-4700-8B04-3FBA8B2A5F93}.Release|x64.ActiveCfg = Release|Any CPU
		{1B6BEFD2-A438-4700-8B04-3FBA8B2A5F93}.Release|x64.Build.0 = Release|Any CPU
		{1B6BEFD2-A438-4700-8B04-3FBA8B2A5F93}.Release|x86.ActiveCfg = Release|Any CPU
		{1B6BEFD2-A438-4700-8B04-3FBA8B2A5F93}.Release|x86.Build.0 = Release|Any CPU
		{6C435D04-B2B1-4067-A4C9-FB823E3B3645}.Debug|Any CPU.ActiveCfg = Debug|Any CPU
		{6C435D04-B2B1-4067-A4C9-FB823E3B3645}.Debug|Any CPU.Build.0 = Debug|Any CPU
		{6C435D04-B2B1-4067-A4C9-FB823E3B3645}.Debug|x64.ActiveCfg = Debug|Any CPU
		{6C435D04-B2B1-4067-A4C9-FB823E3B3645}.Debug|x64.Build.0 = Debug|Any CPU
		{6C435D04-B2B1-4067-A4C9-FB823E3B3645}.Debug|x86.ActiveCfg = Debug|Any CPU
		{6C435D04-B2B1-4067-A4C9-FB823E3B3645}.Debug|x86.Build.0 = Debug|Any CPU
		{6C435D04-B2B1-4067-A4C9-FB823E3B3645}.Release|Any CPU.ActiveCfg = Release|Any CPU
		{6C435D04-B2B1-4067-A4C9-FB823E3B3645}.Release|Any CPU.Build.0 = Release|Any CPU
		{6C435D04-B2B1-4067-A4C9-FB823E3B3645}.Release|x64.ActiveCfg = Release|Any CPU
		{6C435D04-B2B1-4067-A4C9-FB823E3B3645}.Release|x64.Build.0 = Release|Any CPU
		{6C435D04-B2B1-4067-A4C9-FB823E3B3645}.Release|x86.ActiveCfg = Release|Any CPU
		{6C435D04-B2B1-4067-A4C9-FB823E3B3645}.Release|x86.Build.0 = Release|Any CPU
		{89670175-8B38-436E-B4B3-0A715EDFC6B6}.Debug|Any CPU.ActiveCfg = Debug|Any CPU
		{89670175-8B38-436E-B4B3-0A715EDFC6B6}.Debug|Any CPU.Build.0 = Debug|Any CPU
		{89670175-8B38-436E-B4B3-0A715EDFC6B6}.Debug|x64.ActiveCfg = Debug|Any CPU
		{89670175-8B38-436E-B4B3-0A715EDFC6B6}.Debug|x64.Build.0 = Debug|Any CPU
		{89670175-8B38-436E-B4B3-0A715EDFC6B6}.Debug|x86.ActiveCfg = Debug|Any CPU
		{89670175-8B38-436E-B4B3-0A715EDFC6B6}.Debug|x86.Build.0 = Debug|Any CPU
		{89670175-8B38-436E-B4B3-0A715EDFC6B6}.Release|Any CPU.ActiveCfg = Release|Any CPU
		{89670175-8B38-436E-B4B3-0A715EDFC6B6}.Release|Any CPU.Build.0 = Release|Any CPU
		{89670175-8B38-436E-B4B3-0A715EDFC6B6}.Release|x64.ActiveCfg = Release|Any CPU
		{89670175-8B38-436E-B4B3-0A715EDFC6B6}.Release|x64.Build.0 = Release|Any CPU
		{89670175-8B38-436E-B4B3-0A715EDFC6B6}.Release|x86.ActiveCfg = Release|Any CPU
		{89670175-8B38-436E-B4B3-0A715EDFC6B6}.Release|x86.Build.0 = Release|Any CPU
		{4B3183A9-6756-4FC6-9823-39A981A6463F}.Debug|Any CPU.ActiveCfg = Debug|Any CPU
		{4B3183A9-6756-4FC6-9823-39A981A6463F}.Debug|Any CPU.Build.0 = Debug|Any CPU
		{4B3183A9-6756-4FC6-9823-39A981A6463F}.Debug|x64.ActiveCfg = Debug|Any CPU
		{4B3183A9-6756-4FC6-9823-39A981A6463F}.Debug|x64.Build.0 = Debug|Any CPU
		{4B3183A9-6756-4FC6-9823-39A981A6463F}.Debug|x86.ActiveCfg = Debug|Any CPU
		{4B3183A9-6756-4FC6-9823-39A981A6463F}.Debug|x86.Build.0 = Debug|Any CPU
		{4B3183A9-6756-4FC6-9823-39A981A6463F}.Release|Any CPU.ActiveCfg = Release|Any CPU
		{4B3183A9-6756-4FC6-9823-39A981A6463F}.Release|Any CPU.Build.0 = Release|Any CPU
		{4B3183A9-6756-4FC6-9823-39A981A6463F}.Release|x64.ActiveCfg = Release|Any CPU
		{4B3183A9-6756-4FC6-9823-39A981A6463F}.Release|x64.Build.0 = Release|Any CPU
		{4B3183A9-6756-4FC6-9823-39A981A6463F}.Release|x86.ActiveCfg = Release|Any CPU
		{4B3183A9-6756-4FC6-9823-39A981A6463F}.Release|x86.Build.0 = Release|Any CPU
		{7C2DD239-5D09-461A-9D4F-16DA48B1BA0D}.Debug|Any CPU.ActiveCfg = Debug|Any CPU
		{7C2DD239-5D09-461A-9D4F-16DA48B1BA0D}.Debug|Any CPU.Build.0 = Debug|Any CPU
		{7C2DD239-5D09-461A-9D4F-16DA48B1BA0D}.Debug|x64.ActiveCfg = Debug|Any CPU
		{7C2DD239-5D09-461A-9D4F-16DA48B1BA0D}.Debug|x64.Build.0 = Debug|Any CPU
		{7C2DD239-5D09-461A-9D4F-16DA48B1BA0D}.Debug|x86.ActiveCfg = Debug|Any CPU
		{7C2DD239-5D09-461A-9D4F-16DA48B1BA0D}.Debug|x86.Build.0 = Debug|Any CPU
		{7C2DD239-5D09-461A-9D4F-16DA48B1BA0D}.Release|Any CPU.ActiveCfg = Release|Any CPU
		{7C2DD239-5D09-461A-9D4F-16DA48B1BA0D}.Release|Any CPU.Build.0 = Release|Any CPU
		{7C2DD239-5D09-461A-9D4F-16DA48B1BA0D}.Release|x64.ActiveCfg = Release|Any CPU
		{7C2DD239-5D09-461A-9D4F-16DA48B1BA0D}.Release|x64.Build.0 = Release|Any CPU
		{7C2DD239-5D09-461A-9D4F-16DA48B1BA0D}.Release|x86.ActiveCfg = Release|Any CPU
		{7C2DD239-5D09-461A-9D4F-16DA48B1BA0D}.Release|x86.Build.0 = Release|Any CPU
		{C0A892E1-C662-4253-95CF-7D96E28E1906}.Debug|Any CPU.ActiveCfg = Debug|Any CPU
		{C0A892E1-C662-4253-95CF-7D96E28E1906}.Debug|Any CPU.Build.0 = Debug|Any CPU
		{C0A892E1-C662-4253-95CF-7D96E28E1906}.Debug|x64.ActiveCfg = Debug|Any CPU
		{C0A892E1-C662-4253-95CF-7D96E28E1906}.Debug|x64.Build.0 = Debug|Any CPU
		{C0A892E1-C662-4253-95CF-7D96E28E1906}.Debug|x86.ActiveCfg = Debug|Any CPU
		{C0A892E1-C662-4253-95CF-7D96E28E1906}.Debug|x86.Build.0 = Debug|Any CPU
		{C0A892E1-C662-4253-95CF-7D96E28E1906}.Release|Any CPU.ActiveCfg = Release|Any CPU
		{C0A892E1-C662-4253-95CF-7D96E28E1906}.Release|Any CPU.Build.0 = Release|Any CPU
		{C0A892E1-C662-4253-95CF-7D96E28E1906}.Release|x64.ActiveCfg = Release|Any CPU
		{C0A892E1-C662-4253-95CF-7D96E28E1906}.Release|x64.Build.0 = Release|Any CPU
		{C0A892E1-C662-4253-95CF-7D96E28E1906}.Release|x86.ActiveCfg = Release|Any CPU
		{C0A892E1-C662-4253-95CF-7D96E28E1906}.Release|x86.Build.0 = Release|Any CPU
		{43928B77-E6CB-4973-964A-D569D85BB04C}.Debug|Any CPU.ActiveCfg = Debug|Any CPU
		{43928B77-E6CB-4973-964A-D569D85BB04C}.Debug|Any CPU.Build.0 = Debug|Any CPU
		{43928B77-E6CB-4973-964A-D569D85BB04C}.Debug|x64.ActiveCfg = Debug|Any CPU
		{43928B77-E6CB-4973-964A-D569D85BB04C}.Debug|x64.Build.0 = Debug|Any CPU
		{43928B77-E6CB-4973-964A-D569D85BB04C}.Debug|x86.ActiveCfg = Debug|Any CPU
		{43928B77-E6CB-4973-964A-D569D85BB04C}.Debug|x86.Build.0 = Debug|Any CPU
		{43928B77-E6CB-4973-964A-D569D85BB04C}.Release|Any CPU.ActiveCfg = Release|Any CPU
		{43928B77-E6CB-4973-964A-D569D85BB04C}.Release|Any CPU.Build.0 = Release|Any CPU
		{43928B77-E6CB-4973-964A-D569D85BB04C}.Release|x64.ActiveCfg = Release|Any CPU
		{43928B77-E6CB-4973-964A-D569D85BB04C}.Release|x64.Build.0 = Release|Any CPU
		{43928B77-E6CB-4973-964A-D569D85BB04C}.Release|x86.ActiveCfg = Release|Any CPU
		{43928B77-E6CB-4973-964A-D569D85BB04C}.Release|x86.Build.0 = Release|Any CPU
		{4B2A065D-6C56-4EC2-B87E-E30D917FE4A4}.Debug|Any CPU.ActiveCfg = Debug|Any CPU
		{4B2A065D-6C56-4EC2-B87E-E30D917FE4A4}.Debug|Any CPU.Build.0 = Debug|Any CPU
		{4B2A065D-6C56-4EC2-B87E-E30D917FE4A4}.Debug|x64.ActiveCfg = Debug|Any CPU
		{4B2A065D-6C56-4EC2-B87E-E30D917FE4A4}.Debug|x64.Build.0 = Debug|Any CPU
		{4B2A065D-6C56-4EC2-B87E-E30D917FE4A4}.Debug|x86.ActiveCfg = Debug|Any CPU
		{4B2A065D-6C56-4EC2-B87E-E30D917FE4A4}.Debug|x86.Build.0 = Debug|Any CPU
		{4B2A065D-6C56-4EC2-B87E-E30D917FE4A4}.Release|Any CPU.ActiveCfg = Release|Any CPU
		{4B2A065D-6C56-4EC2-B87E-E30D917FE4A4}.Release|Any CPU.Build.0 = Release|Any CPU
		{4B2A065D-6C56-4EC2-B87E-E30D917FE4A4}.Release|x64.ActiveCfg = Release|Any CPU
		{4B2A065D-6C56-4EC2-B87E-E30D917FE4A4}.Release|x64.Build.0 = Release|Any CPU
		{4B2A065D-6C56-4EC2-B87E-E30D917FE4A4}.Release|x86.ActiveCfg = Release|Any CPU
		{4B2A065D-6C56-4EC2-B87E-E30D917FE4A4}.Release|x86.Build.0 = Release|Any CPU
		{9317ADCF-0EEF-478C-AFB3-E1D5F846C8D2}.Debug|Any CPU.ActiveCfg = Debug|Any CPU
		{9317ADCF-0EEF-478C-AFB3-E1D5F846C8D2}.Debug|Any CPU.Build.0 = Debug|Any CPU
		{9317ADCF-0EEF-478C-AFB3-E1D5F846C8D2}.Debug|x64.ActiveCfg = Debug|Any CPU
		{9317ADCF-0EEF-478C-AFB3-E1D5F846C8D2}.Debug|x64.Build.0 = Debug|Any CPU
		{9317ADCF-0EEF-478C-AFB3-E1D5F846C8D2}.Debug|x86.ActiveCfg = Debug|Any CPU
		{9317ADCF-0EEF-478C-AFB3-E1D5F846C8D2}.Debug|x86.Build.0 = Debug|Any CPU
		{9317ADCF-0EEF-478C-AFB3-E1D5F846C8D2}.Release|Any CPU.ActiveCfg = Release|Any CPU
		{9317ADCF-0EEF-478C-AFB3-E1D5F846C8D2}.Release|Any CPU.Build.0 = Release|Any CPU
		{9317ADCF-0EEF-478C-AFB3-E1D5F846C8D2}.Release|x64.ActiveCfg = Release|Any CPU
		{9317ADCF-0EEF-478C-AFB3-E1D5F846C8D2}.Release|x64.Build.0 = Release|Any CPU
		{9317ADCF-0EEF-478C-AFB3-E1D5F846C8D2}.Release|x86.ActiveCfg = Release|Any CPU
		{9317ADCF-0EEF-478C-AFB3-E1D5F846C8D2}.Release|x86.Build.0 = Release|Any CPU
		{EDC6DB80-EA46-4074-8294-4C5874A98FAD}.Debug|Any CPU.ActiveCfg = Debug|Any CPU
		{EDC6DB80-EA46-4074-8294-4C5874A98FAD}.Debug|Any CPU.Build.0 = Debug|Any CPU
		{EDC6DB80-EA46-4074-8294-4C5874A98FAD}.Debug|x64.ActiveCfg = Debug|Any CPU
		{EDC6DB80-EA46-4074-8294-4C5874A98FAD}.Debug|x64.Build.0 = Debug|Any CPU
		{EDC6DB80-EA46-4074-8294-4C5874A98FAD}.Debug|x86.ActiveCfg = Debug|Any CPU
		{EDC6DB80-EA46-4074-8294-4C5874A98FAD}.Debug|x86.Build.0 = Debug|Any CPU
		{EDC6DB80-EA46-4074-8294-4C5874A98FAD}.Release|Any CPU.ActiveCfg = Release|Any CPU
		{EDC6DB80-EA46-4074-8294-4C5874A98FAD}.Release|Any CPU.Build.0 = Release|Any CPU
		{EDC6DB80-EA46-4074-8294-4C5874A98FAD}.Release|x64.ActiveCfg = Release|Any CPU
		{EDC6DB80-EA46-4074-8294-4C5874A98FAD}.Release|x64.Build.0 = Release|Any CPU
		{EDC6DB80-EA46-4074-8294-4C5874A98FAD}.Release|x86.ActiveCfg = Release|Any CPU
		{EDC6DB80-EA46-4074-8294-4C5874A98FAD}.Release|x86.Build.0 = Release|Any CPU
		{F7E52E4E-4827-4317-B60B-21ABEC179D23}.Debug|Any CPU.ActiveCfg = Debug|Any CPU
		{F7E52E4E-4827-4317-B60B-21ABEC179D23}.Debug|Any CPU.Build.0 = Debug|Any CPU
		{F7E52E4E-4827-4317-B60B-21ABEC179D23}.Debug|x64.ActiveCfg = Debug|Any CPU
		{F7E52E4E-4827-4317-B60B-21ABEC179D23}.Debug|x64.Build.0 = Debug|Any CPU
		{F7E52E4E-4827-4317-B60B-21ABEC179D23}.Debug|x86.ActiveCfg = Debug|Any CPU
		{F7E52E4E-4827-4317-B60B-21ABEC179D23}.Debug|x86.Build.0 = Debug|Any CPU
		{F7E52E4E-4827-4317-B60B-21ABEC179D23}.Release|Any CPU.ActiveCfg = Release|Any CPU
		{F7E52E4E-4827-4317-B60B-21ABEC179D23}.Release|Any CPU.Build.0 = Release|Any CPU
		{F7E52E4E-4827-4317-B60B-21ABEC179D23}.Release|x64.ActiveCfg = Release|Any CPU
		{F7E52E4E-4827-4317-B60B-21ABEC179D23}.Release|x64.Build.0 = Release|Any CPU
		{F7E52E4E-4827-4317-B60B-21ABEC179D23}.Release|x86.ActiveCfg = Release|Any CPU
		{F7E52E4E-4827-4317-B60B-21ABEC179D23}.Release|x86.Build.0 = Release|Any CPU
		{D49AB65F-6205-4015-9ADC-A3812D291F5B}.Debug|Any CPU.ActiveCfg = Debug|Any CPU
		{D49AB65F-6205-4015-9ADC-A3812D291F5B}.Debug|Any CPU.Build.0 = Debug|Any CPU
		{D49AB65F-6205-4015-9ADC-A3812D291F5B}.Debug|x64.ActiveCfg = Debug|Any CPU
		{D49AB65F-6205-4015-9ADC-A3812D291F5B}.Debug|x64.Build.0 = Debug|Any CPU
		{D49AB65F-6205-4015-9ADC-A3812D291F5B}.Debug|x86.ActiveCfg = Debug|Any CPU
		{D49AB65F-6205-4015-9ADC-A3812D291F5B}.Debug|x86.Build.0 = Debug|Any CPU
		{D49AB65F-6205-4015-9ADC-A3812D291F5B}.Release|Any CPU.ActiveCfg = Release|Any CPU
		{D49AB65F-6205-4015-9ADC-A3812D291F5B}.Release|Any CPU.Build.0 = Release|Any CPU
		{D49AB65F-6205-4015-9ADC-A3812D291F5B}.Release|x64.ActiveCfg = Release|Any CPU
		{D49AB65F-6205-4015-9ADC-A3812D291F5B}.Release|x64.Build.0 = Release|Any CPU
		{D49AB65F-6205-4015-9ADC-A3812D291F5B}.Release|x86.ActiveCfg = Release|Any CPU
		{D49AB65F-6205-4015-9ADC-A3812D291F5B}.Release|x86.Build.0 = Release|Any CPU
		{D62BFA21-52EE-482D-AE1B-9F5D5F849830}.Debug|Any CPU.ActiveCfg = Debug|Any CPU
		{D62BFA21-52EE-482D-AE1B-9F5D5F849830}.Debug|Any CPU.Build.0 = Debug|Any CPU
		{D62BFA21-52EE-482D-AE1B-9F5D5F849830}.Debug|x64.ActiveCfg = Debug|Any CPU
		{D62BFA21-52EE-482D-AE1B-9F5D5F849830}.Debug|x64.Build.0 = Debug|Any CPU
		{D62BFA21-52EE-482D-AE1B-9F5D5F849830}.Debug|x86.ActiveCfg = Debug|Any CPU
		{D62BFA21-52EE-482D-AE1B-9F5D5F849830}.Debug|x86.Build.0 = Debug|Any CPU
		{D62BFA21-52EE-482D-AE1B-9F5D5F849830}.Release|Any CPU.ActiveCfg = Release|Any CPU
		{D62BFA21-52EE-482D-AE1B-9F5D5F849830}.Release|Any CPU.Build.0 = Release|Any CPU
		{D62BFA21-52EE-482D-AE1B-9F5D5F849830}.Release|x64.ActiveCfg = Release|Any CPU
		{D62BFA21-52EE-482D-AE1B-9F5D5F849830}.Release|x64.Build.0 = Release|Any CPU
		{D62BFA21-52EE-482D-AE1B-9F5D5F849830}.Release|x86.ActiveCfg = Release|Any CPU
		{D62BFA21-52EE-482D-AE1B-9F5D5F849830}.Release|x86.Build.0 = Release|Any CPU
		{EC5AC504-E35A-4BA5-BC4B-B0089C56BC72}.Debug|Any CPU.ActiveCfg = Debug|Any CPU
		{EC5AC504-E35A-4BA5-BC4B-B0089C56BC72}.Debug|Any CPU.Build.0 = Debug|Any CPU
		{EC5AC504-E35A-4BA5-BC4B-B0089C56BC72}.Debug|x64.ActiveCfg = Debug|Any CPU
		{EC5AC504-E35A-4BA5-BC4B-B0089C56BC72}.Debug|x64.Build.0 = Debug|Any CPU
		{EC5AC504-E35A-4BA5-BC4B-B0089C56BC72}.Debug|x86.ActiveCfg = Debug|Any CPU
		{EC5AC504-E35A-4BA5-BC4B-B0089C56BC72}.Debug|x86.Build.0 = Debug|Any CPU
		{EC5AC504-E35A-4BA5-BC4B-B0089C56BC72}.Release|Any CPU.ActiveCfg = Release|Any CPU
		{EC5AC504-E35A-4BA5-BC4B-B0089C56BC72}.Release|Any CPU.Build.0 = Release|Any CPU
		{EC5AC504-E35A-4BA5-BC4B-B0089C56BC72}.Release|x64.ActiveCfg = Release|Any CPU
		{EC5AC504-E35A-4BA5-BC4B-B0089C56BC72}.Release|x64.Build.0 = Release|Any CPU
		{EC5AC504-E35A-4BA5-BC4B-B0089C56BC72}.Release|x86.ActiveCfg = Release|Any CPU
		{EC5AC504-E35A-4BA5-BC4B-B0089C56BC72}.Release|x86.Build.0 = Release|Any CPU
		{7E450C5F-8613-4A7E-A17F-800D3B6B5C8F}.Debug|Any CPU.ActiveCfg = Debug|Any CPU
		{7E450C5F-8613-4A7E-A17F-800D3B6B5C8F}.Debug|Any CPU.Build.0 = Debug|Any CPU
		{7E450C5F-8613-4A7E-A17F-800D3B6B5C8F}.Debug|x64.ActiveCfg = Debug|Any CPU
		{7E450C5F-8613-4A7E-A17F-800D3B6B5C8F}.Debug|x64.Build.0 = Debug|Any CPU
		{7E450C5F-8613-4A7E-A17F-800D3B6B5C8F}.Debug|x86.ActiveCfg = Debug|Any CPU
		{7E450C5F-8613-4A7E-A17F-800D3B6B5C8F}.Debug|x86.Build.0 = Debug|Any CPU
		{7E450C5F-8613-4A7E-A17F-800D3B6B5C8F}.Release|Any CPU.ActiveCfg = Release|Any CPU
		{7E450C5F-8613-4A7E-A17F-800D3B6B5C8F}.Release|Any CPU.Build.0 = Release|Any CPU
		{7E450C5F-8613-4A7E-A17F-800D3B6B5C8F}.Release|x64.ActiveCfg = Release|Any CPU
		{7E450C5F-8613-4A7E-A17F-800D3B6B5C8F}.Release|x64.Build.0 = Release|Any CPU
		{7E450C5F-8613-4A7E-A17F-800D3B6B5C8F}.Release|x86.ActiveCfg = Release|Any CPU
		{7E450C5F-8613-4A7E-A17F-800D3B6B5C8F}.Release|x86.Build.0 = Release|Any CPU
		{A5EB9493-2AE8-48A3-AAE0-C6AB23F0A578}.Debug|Any CPU.ActiveCfg = Debug|Any CPU
		{A5EB9493-2AE8-48A3-AAE0-C6AB23F0A578}.Debug|Any CPU.Build.0 = Debug|Any CPU
		{A5EB9493-2AE8-48A3-AAE0-C6AB23F0A578}.Debug|x64.ActiveCfg = Debug|Any CPU
		{A5EB9493-2AE8-48A3-AAE0-C6AB23F0A578}.Debug|x64.Build.0 = Debug|Any CPU
		{A5EB9493-2AE8-48A3-AAE0-C6AB23F0A578}.Debug|x86.ActiveCfg = Debug|Any CPU
		{A5EB9493-2AE8-48A3-AAE0-C6AB23F0A578}.Debug|x86.Build.0 = Debug|Any CPU
		{A5EB9493-2AE8-48A3-AAE0-C6AB23F0A578}.Release|Any CPU.ActiveCfg = Release|Any CPU
		{A5EB9493-2AE8-48A3-AAE0-C6AB23F0A578}.Release|Any CPU.Build.0 = Release|Any CPU
		{A5EB9493-2AE8-48A3-AAE0-C6AB23F0A578}.Release|x64.ActiveCfg = Release|Any CPU
		{A5EB9493-2AE8-48A3-AAE0-C6AB23F0A578}.Release|x64.Build.0 = Release|Any CPU
		{A5EB9493-2AE8-48A3-AAE0-C6AB23F0A578}.Release|x86.ActiveCfg = Release|Any CPU
		{A5EB9493-2AE8-48A3-AAE0-C6AB23F0A578}.Release|x86.Build.0 = Release|Any CPU
		{65B48809-E013-4805-935E-A78FCB15A54D}.Debug|Any CPU.ActiveCfg = Debug|Any CPU
		{65B48809-E013-4805-935E-A78FCB15A54D}.Debug|Any CPU.Build.0 = Debug|Any CPU
		{65B48809-E013-4805-935E-A78FCB15A54D}.Debug|x64.ActiveCfg = Debug|Any CPU
		{65B48809-E013-4805-935E-A78FCB15A54D}.Debug|x64.Build.0 = Debug|Any CPU
		{65B48809-E013-4805-935E-A78FCB15A54D}.Debug|x86.ActiveCfg = Debug|Any CPU
		{65B48809-E013-4805-935E-A78FCB15A54D}.Debug|x86.Build.0 = Debug|Any CPU
		{65B48809-E013-4805-935E-A78FCB15A54D}.Release|Any CPU.ActiveCfg = Release|Any CPU
		{65B48809-E013-4805-935E-A78FCB15A54D}.Release|Any CPU.Build.0 = Release|Any CPU
		{65B48809-E013-4805-935E-A78FCB15A54D}.Release|x64.ActiveCfg = Release|Any CPU
		{65B48809-E013-4805-935E-A78FCB15A54D}.Release|x64.Build.0 = Release|Any CPU
		{65B48809-E013-4805-935E-A78FCB15A54D}.Release|x86.ActiveCfg = Release|Any CPU
		{65B48809-E013-4805-935E-A78FCB15A54D}.Release|x86.Build.0 = Release|Any CPU
	EndGlobalSection
	GlobalSection(SolutionProperties) = preSolution
		HideSolutionNode = FALSE
	EndGlobalSection
	GlobalSection(NestedProjects) = preSolution
		{90298CBA-BD6F-3A0A-69D5-97CAD7B05E7E} = {827E0CD3-B72D-47B6-A68D-7590B98EB39B}
		{6EFD88AB-FA44-4102-AF9A-07464F6551EA} = {90298CBA-BD6F-3A0A-69D5-97CAD7B05E7E}
		{1A94FD0D-5625-47B3-BD45-C146EE9FB052} = {90298CBA-BD6F-3A0A-69D5-97CAD7B05E7E}
		{C3A7A137-7FB3-43FB-8B7D-126A1A12EB4F} = {90298CBA-BD6F-3A0A-69D5-97CAD7B05E7E}
		{68394D80-197E-4E16-9A78-F8FA4DD01D7B} = {90298CBA-BD6F-3A0A-69D5-97CAD7B05E7E}
		{984BB9B3-3FA3-BE33-9484-CAC21695A33C} = {827E0CD3-B72D-47B6-A68D-7590B98EB39B}
		{D5A104A7-EB2B-3BA5-9C9D-7EDB62AEF6C2} = {984BB9B3-3FA3-BE33-9484-CAC21695A33C}
		{B7E71563-6FAC-4E87-9407-DEC0CFA151D7} = {D5A104A7-EB2B-3BA5-9C9D-7EDB62AEF6C2}
		{34C249EB-D663-47CA-A2D0-C962F2A9A3E8} = {D5A104A7-EB2B-3BA5-9C9D-7EDB62AEF6C2}
		{B50C4336-B39A-4938-981C-05A0F402C39D} = {D5A104A7-EB2B-3BA5-9C9D-7EDB62AEF6C2}
		{3909383E-44D9-4A95-9109-5708AB130ADB} = {D5A104A7-EB2B-3BA5-9C9D-7EDB62AEF6C2}
		{EA21366C-CA10-58A8-F467-82E475E18730} = {984BB9B3-3FA3-BE33-9484-CAC21695A33C}
		{0A5632E3-8C24-4DC8-A37A-ACB21E960641} = {EA21366C-CA10-58A8-F467-82E475E18730}
		{1B6BEFD2-A438-4700-8B04-3FBA8B2A5F93} = {EA21366C-CA10-58A8-F467-82E475E18730}
		{6C435D04-B2B1-4067-A4C9-FB823E3B3645} = {EA21366C-CA10-58A8-F467-82E475E18730}
		{89670175-8B38-436E-B4B3-0A715EDFC6B6} = {EA21366C-CA10-58A8-F467-82E475E18730}
		{C5FBE174-8E0F-F5A3-B929-8BD0C55C0A32} = {984BB9B3-3FA3-BE33-9484-CAC21695A33C}
		{4B3183A9-6756-4FC6-9823-39A981A6463F} = {C5FBE174-8E0F-F5A3-B929-8BD0C55C0A32}
		{7C2DD239-5D09-461A-9D4F-16DA48B1BA0D} = {C5FBE174-8E0F-F5A3-B929-8BD0C55C0A32}
		{C0A892E1-C662-4253-95CF-7D96E28E1906} = {C5FBE174-8E0F-F5A3-B929-8BD0C55C0A32}
		{43928B77-E6CB-4973-964A-D569D85BB04C} = {C5FBE174-8E0F-F5A3-B929-8BD0C55C0A32}
		{1BFC9479-12BF-35C3-06B8-42D89D95092B} = {984BB9B3-3FA3-BE33-9484-CAC21695A33C}
		{4B2A065D-6C56-4EC2-B87E-E30D917FE4A4} = {1BFC9479-12BF-35C3-06B8-42D89D95092B}
		{9317ADCF-0EEF-478C-AFB3-E1D5F846C8D2} = {1BFC9479-12BF-35C3-06B8-42D89D95092B}
		{EDC6DB80-EA46-4074-8294-4C5874A98FAD} = {1BFC9479-12BF-35C3-06B8-42D89D95092B}
		{F7E52E4E-4827-4317-B60B-21ABEC179D23} = {1BFC9479-12BF-35C3-06B8-42D89D95092B}
		{D49AB65F-6205-4015-9ADC-A3812D291F5B} = {827E0CD3-B72D-47B6-A68D-7590B98EB39B}
		{D62BFA21-52EE-482D-AE1B-9F5D5F849830} = {0AB3BF05-4346-4AA6-1389-037BE0695223}
		{EC5AC504-E35A-4BA5-BC4B-B0089C56BC72} = {0AB3BF05-4346-4AA6-1389-037BE0695223}
		{7E450C5F-8613-4A7E-A17F-800D3B6B5C8F} = {0AB3BF05-4346-4AA6-1389-037BE0695223}
		{A5EB9493-2AE8-48A3-AAE0-C6AB23F0A578} = {0AB3BF05-4346-4AA6-1389-037BE0695223}
		{65B48809-E013-4805-935E-A78FCB15A54D} = {0AB3BF05-4346-4AA6-1389-037BE0695223}
	EndGlobalSection
EndGlobal
